
Microsoft Visual Studio Solution File, Format Version 12.00
# Visual Studio Version 16
VisualStudioVersion = 16.0.29926.136
MinimumVisualStudioVersion = 10.0.40219.1
Project("{FAE04EC0-301F-11D3-BF4B-00C04F79EFBC}") = "BdMobApp.UWP", "BdMobApp\BdMobApp.UWP\BdMobApp.UWP.csproj", "{5FA1EF51-A16B-4FEE-B561-E60A3213E807}"
EndProject
Project("{FAE04EC0-301F-11D3-BF4B-00C04F79EFBC}") = "BdMobApp.Android", "BdMobApp\BdMobApp.Android\BdMobApp.Android.csproj", "{92B0EEC9-3011-42CA-9C7D-1B4A7043F0FE}"
EndProject
Project("{FAE04EC0-301F-11D3-BF4B-00C04F79EFBC}") = "BdMobApp.iOS", "BdMobApp\BdMobApp.iOS\BdMobApp.iOS.csproj", "{A4EB5068-4836-42D6-8E8A-15FABB08D813}"
EndProject
Project("{9A19103F-16F7-4668-BE54-9A1E7A4F7556}") = "BdMobApp.Web", "BdMobApp\BdMobApp.Web\BdMobApp.Web.csproj", "{7960F438-512C-48ED-BD5F-45CFDCCA6867}"
EndProject
Project("{9A19103F-16F7-4668-BE54-9A1E7A4F7556}") = "BdMobApp", "BdMobApp\BdMobApp\BdMobApp.csproj", "{21E85C54-7FBE-4645-82AA-D4DBF720F525}"
EndProject
Project("{FAE04EC0-301F-11D3-BF4B-00C04F79EFBC}") = "Bd.MobileApi.Data.Management", "Bd.MobileApi.Data.Management\Bd.MobileApi.Data.Management.csproj", "{87E1454B-0AB8-4876-A17D-515E6C688C98}"
EndProject
Global
	GlobalSection(SolutionConfigurationPlatforms) = preSolution
		Debug|Any CPU = Debug|Any CPU
		Debug|ARM = Debug|ARM
		Debug|iPhone = Debug|iPhone
		Debug|iPhoneSimulator = Debug|iPhoneSimulator
		Debug|x64 = Debug|x64
		Debug|x86 = Debug|x86
		Release|Any CPU = Release|Any CPU
		Release|ARM = Release|ARM
		Release|iPhone = Release|iPhone
		Release|iPhoneSimulator = Release|iPhoneSimulator
		Release|x64 = Release|x64
		Release|x86 = Release|x86
	EndGlobalSection
	GlobalSection(ProjectConfigurationPlatforms) = postSolution
		{5FA1EF51-A16B-4FEE-B561-E60A3213E807}.Debug|Any CPU.ActiveCfg = Debug|x86
		{5FA1EF51-A16B-4FEE-B561-E60A3213E807}.Debug|ARM.ActiveCfg = Debug|ARM
		{5FA1EF51-A16B-4FEE-B561-E60A3213E807}.Debug|ARM.Build.0 = Debug|ARM
		{5FA1EF51-A16B-4FEE-B561-E60A3213E807}.Debug|ARM.Deploy.0 = Debug|ARM
		{5FA1EF51-A16B-4FEE-B561-E60A3213E807}.Debug|iPhone.ActiveCfg = Debug|x86
		{5FA1EF51-A16B-4FEE-B561-E60A3213E807}.Debug|iPhoneSimulator.ActiveCfg = Debug|x86
		{5FA1EF51-A16B-4FEE-B561-E60A3213E807}.Debug|x64.ActiveCfg = Debug|x64
		{5FA1EF51-A16B-4FEE-B561-E60A3213E807}.Debug|x64.Build.0 = Debug|x64
		{5FA1EF51-A16B-4FEE-B561-E60A3213E807}.Debug|x64.Deploy.0 = Debug|x64
		{5FA1EF51-A16B-4FEE-B561-E60A3213E807}.Debug|x86.ActiveCfg = Debug|x86
		{5FA1EF51-A16B-4FEE-B561-E60A3213E807}.Debug|x86.Build.0 = Debug|x86
		{5FA1EF51-A16B-4FEE-B561-E60A3213E807}.Debug|x86.Deploy.0 = Debug|x86
		{5FA1EF51-A16B-4FEE-B561-E60A3213E807}.Release|Any CPU.ActiveCfg = Release|x86
		{5FA1EF51-A16B-4FEE-B561-E60A3213E807}.Release|ARM.ActiveCfg = Release|ARM
		{5FA1EF51-A16B-4FEE-B561-E60A3213E807}.Release|ARM.Build.0 = Release|ARM
		{5FA1EF51-A16B-4FEE-B561-E60A3213E807}.Release|ARM.Deploy.0 = Release|ARM
		{5FA1EF51-A16B-4FEE-B561-E60A3213E807}.Release|iPhone.ActiveCfg = Release|x86
		{5FA1EF51-A16B-4FEE-B561-E60A3213E807}.Release|iPhoneSimulator.ActiveCfg = Release|x86
		{5FA1EF51-A16B-4FEE-B561-E60A3213E807}.Release|x64.ActiveCfg = Release|x64
		{5FA1EF51-A16B-4FEE-B561-E60A3213E807}.Release|x64.Build.0 = Release|x64
		{5FA1EF51-A16B-4FEE-B561-E60A3213E807}.Release|x64.Deploy.0 = Release|x64
		{5FA1EF51-A16B-4FEE-B561-E60A3213E807}.Release|x86.ActiveCfg = Release|x86
		{5FA1EF51-A16B-4FEE-B561-E60A3213E807}.Release|x86.Build.0 = Release|x86
		{5FA1EF51-A16B-4FEE-B561-E60A3213E807}.Release|x86.Deploy.0 = Release|x86
		{92B0EEC9-3011-42CA-9C7D-1B4A7043F0FE}.Debug|Any CPU.ActiveCfg = Debug|Any CPU
		{92B0EEC9-3011-42CA-9C7D-1B4A7043F0FE}.Debug|Any CPU.Build.0 = Debug|Any CPU
		{92B0EEC9-3011-42CA-9C7D-1B4A7043F0FE}.Debug|Any CPU.Deploy.0 = Debug|Any CPU
		{92B0EEC9-3011-42CA-9C7D-1B4A7043F0FE}.Debug|ARM.ActiveCfg = Debug|Any CPU
		{92B0EEC9-3011-42CA-9C7D-1B4A7043F0FE}.Debug|ARM.Build.0 = Debug|Any CPU
		{92B0EEC9-3011-42CA-9C7D-1B4A7043F0FE}.Debug|ARM.Deploy.0 = Debug|Any CPU
		{92B0EEC9-3011-42CA-9C7D-1B4A7043F0FE}.Debug|iPhone.ActiveCfg = Debug|Any CPU
		{92B0EEC9-3011-42CA-9C7D-1B4A7043F0FE}.Debug|iPhone.Build.0 = Debug|Any CPU
		{92B0EEC9-3011-42CA-9C7D-1B4A7043F0FE}.Debug|iPhone.Deploy.0 = Debug|Any CPU
		{92B0EEC9-3011-42CA-9C7D-1B4A7043F0FE}.Debug|iPhoneSimulator.ActiveCfg = Debug|Any CPU
		{92B0EEC9-3011-42CA-9C7D-1B4A7043F0FE}.Debug|iPhoneSimulator.Build.0 = Debug|Any CPU
		{92B0EEC9-3011-42CA-9C7D-1B4A7043F0FE}.Debug|iPhoneSimulator.Deploy.0 = Debug|Any CPU
		{92B0EEC9-3011-42CA-9C7D-1B4A7043F0FE}.Debug|x64.ActiveCfg = Debug|Any CPU
		{92B0EEC9-3011-42CA-9C7D-1B4A7043F0FE}.Debug|x64.Build.0 = Debug|Any CPU
		{92B0EEC9-3011-42CA-9C7D-1B4A7043F0FE}.Debug|x64.Deploy.0 = Debug|Any CPU
		{92B0EEC9-3011-42CA-9C7D-1B4A7043F0FE}.Debug|x86.ActiveCfg = Debug|Any CPU
		{92B0EEC9-3011-42CA-9C7D-1B4A7043F0FE}.Debug|x86.Build.0 = Debug|Any CPU
		{92B0EEC9-3011-42CA-9C7D-1B4A7043F0FE}.Debug|x86.Deploy.0 = Debug|Any CPU
		{92B0EEC9-3011-42CA-9C7D-1B4A7043F0FE}.Release|Any CPU.ActiveCfg = Release|Any CPU
		{92B0EEC9-3011-42CA-9C7D-1B4A7043F0FE}.Release|Any CPU.Build.0 = Release|Any CPU
		{92B0EEC9-3011-42CA-9C7D-1B4A7043F0FE}.Release|Any CPU.Deploy.0 = Release|Any CPU
		{92B0EEC9-3011-42CA-9C7D-1B4A7043F0FE}.Release|ARM.ActiveCfg = Release|Any CPU
		{92B0EEC9-3011-42CA-9C7D-1B4A7043F0FE}.Release|ARM.Build.0 = Release|Any CPU
		{92B0EEC9-3011-42CA-9C7D-1B4A7043F0FE}.Release|ARM.Deploy.0 = Release|Any CPU
		{92B0EEC9-3011-42CA-9C7D-1B4A7043F0FE}.Release|iPhone.ActiveCfg = Release|Any CPU
		{92B0EEC9-3011-42CA-9C7D-1B4A7043F0FE}.Release|iPhone.Build.0 = Release|Any CPU
		{92B0EEC9-3011-42CA-9C7D-1B4A7043F0FE}.Release|iPhone.Deploy.0 = Release|Any CPU
		{92B0EEC9-3011-42CA-9C7D-1B4A7043F0FE}.Release|iPhoneSimulator.ActiveCfg = Release|Any CPU
		{92B0EEC9-3011-42CA-9C7D-1B4A7043F0FE}.Release|iPhoneSimulator.Build.0 = Release|Any CPU
		{92B0EEC9-3011-42CA-9C7D-1B4A7043F0FE}.Release|iPhoneSimulator.Deploy.0 = Release|Any CPU
		{92B0EEC9-3011-42CA-9C7D-1B4A7043F0FE}.Release|x64.ActiveCfg = Release|Any CPU
		{92B0EEC9-3011-42CA-9C7D-1B4A7043F0FE}.Release|x64.Build.0 = Release|Any CPU
		{92B0EEC9-3011-42CA-9C7D-1B4A7043F0FE}.Release|x64.Deploy.0 = Release|Any CPU
		{92B0EEC9-3011-42CA-9C7D-1B4A7043F0FE}.Release|x86.ActiveCfg = Release|Any CPU
		{92B0EEC9-3011-42CA-9C7D-1B4A7043F0FE}.Release|x86.Build.0 = Release|Any CPU
		{92B0EEC9-3011-42CA-9C7D-1B4A7043F0FE}.Release|x86.Deploy.0 = Release|Any CPU
		{A4EB5068-4836-42D6-8E8A-15FABB08D813}.Debug|Any CPU.ActiveCfg = Debug|iPhone
		{A4EB5068-4836-42D6-8E8A-15FABB08D813}.Debug|ARM.ActiveCfg = Debug|iPhone
		{A4EB5068-4836-42D6-8E8A-15FABB08D813}.Debug|iPhone.ActiveCfg = Debug|iPhone
		{A4EB5068-4836-42D6-8E8A-15FABB08D813}.Debug|iPhone.Build.0 = Debug|iPhone
		{A4EB5068-4836-42D6-8E8A-15FABB08D813}.Debug|iPhoneSimulator.ActiveCfg = Debug|iPhoneSimulator
		{A4EB5068-4836-42D6-8E8A-15FABB08D813}.Debug|iPhoneSimulator.Build.0 = Debug|iPhoneSimulator
		{A4EB5068-4836-42D6-8E8A-15FABB08D813}.Debug|x64.ActiveCfg = Debug|iPhone
		{A4EB5068-4836-42D6-8E8A-15FABB08D813}.Debug|x86.ActiveCfg = Debug|iPhone
		{A4EB5068-4836-42D6-8E8A-15FABB08D813}.Release|Any CPU.ActiveCfg = Release|iPhone
		{A4EB5068-4836-42D6-8E8A-15FABB08D813}.Release|ARM.ActiveCfg = Release|iPhone
		{A4EB5068-4836-42D6-8E8A-15FABB08D813}.Release|iPhone.ActiveCfg = Release|iPhone
		{A4EB5068-4836-42D6-8E8A-15FABB08D813}.Release|iPhone.Build.0 = Release|iPhone
		{A4EB5068-4836-42D6-8E8A-15FABB08D813}.Release|iPhoneSimulator.ActiveCfg = Release|iPhoneSimulator
		{A4EB5068-4836-42D6-8E8A-15FABB08D813}.Release|iPhoneSimulator.Build.0 = Release|iPhoneSimulator
		{A4EB5068-4836-42D6-8E8A-15FABB08D813}.Release|x64.ActiveCfg = Release|iPhone
		{A4EB5068-4836-42D6-8E8A-15FABB08D813}.Release|x86.ActiveCfg = Release|iPhone
		{7960F438-512C-48ED-BD5F-45CFDCCA6867}.Debug|Any CPU.ActiveCfg = Debug|Any CPU
		{7960F438-512C-48ED-BD5F-45CFDCCA6867}.Debug|Any CPU.Build.0 = Debug|Any CPU
		{7960F438-512C-48ED-BD5F-45CFDCCA6867}.Debug|ARM.ActiveCfg = Debug|Any CPU
		{7960F438-512C-48ED-BD5F-45CFDCCA6867}.Debug|ARM.Build.0 = Debug|Any CPU
		{7960F438-512C-48ED-BD5F-45CFDCCA6867}.Debug|iPhone.ActiveCfg = Debug|Any CPU
		{7960F438-512C-48ED-BD5F-45CFDCCA6867}.Debug|iPhone.Build.0 = Debug|Any CPU
		{7960F438-512C-48ED-BD5F-45CFDCCA6867}.Debug|iPhoneSimulator.ActiveCfg = Debug|Any CPU
		{7960F438-512C-48ED-BD5F-45CFDCCA6867}.Debug|iPhoneSimulator.Build.0 = Debug|Any CPU
		{7960F438-512C-48ED-BD5F-45CFDCCA6867}.Debug|x64.ActiveCfg = Debug|Any CPU
		{7960F438-512C-48ED-BD5F-45CFDCCA6867}.Debug|x64.Build.0 = Debug|Any CPU
		{7960F438-512C-48ED-BD5F-45CFDCCA6867}.Debug|x86.ActiveCfg = Debug|Any CPU
		{7960F438-512C-48ED-BD5F-45CFDCCA6867}.Debug|x86.Build.0 = Debug|Any CPU
		{7960F438-512C-48ED-BD5F-45CFDCCA6867}.Release|Any CPU.ActiveCfg = Release|Any CPU
		{7960F438-512C-48ED-BD5F-45CFDCCA6867}.Release|Any CPU.Build.0 = Release|Any CPU
		{7960F438-512C-48ED-BD5F-45CFDCCA6867}.Release|ARM.ActiveCfg = Release|Any CPU
		{7960F438-512C-48ED-BD5F-45CFDCCA6867}.Release|ARM.Build.0 = Release|Any CPU
		{7960F438-512C-48ED-BD5F-45CFDCCA6867}.Release|iPhone.ActiveCfg = Release|Any CPU
		{7960F438-512C-48ED-BD5F-45CFDCCA6867}.Release|iPhone.Build.0 = Release|Any CPU
		{7960F438-512C-48ED-BD5F-45CFDCCA6867}.Release|iPhoneSimulator.ActiveCfg = Release|Any CPU
		{7960F438-512C-48ED-BD5F-45CFDCCA6867}.Release|iPhoneSimulator.Build.0 = Release|Any CPU
		{7960F438-512C-48ED-BD5F-45CFDCCA6867}.Release|x64.ActiveCfg = Release|Any CPU
		{7960F438-512C-48ED-BD5F-45CFDCCA6867}.Release|x64.Build.0 = Release|Any CPU
		{7960F438-512C-48ED-BD5F-45CFDCCA6867}.Release|x86.ActiveCfg = Release|Any CPU
		{7960F438-512C-48ED-BD5F-45CFDCCA6867}.Release|x86.Build.0 = Release|Any CPU
		{21E85C54-7FBE-4645-82AA-D4DBF720F525}.Debug|Any CPU.ActiveCfg = Debug|Any CPU
		{21E85C54-7FBE-4645-82AA-D4DBF720F525}.Debug|Any CPU.Build.0 = Debug|Any CPU
		{21E85C54-7FBE-4645-82AA-D4DBF720F525}.Debug|ARM.ActiveCfg = Debug|Any CPU
		{21E85C54-7FBE-4645-82AA-D4DBF720F525}.Debug|ARM.Build.0 = Debug|Any CPU
		{21E85C54-7FBE-4645-82AA-D4DBF720F525}.Debug|iPhone.ActiveCfg = Debug|Any CPU
		{21E85C54-7FBE-4645-82AA-D4DBF720F525}.Debug|iPhone.Build.0 = Debug|Any CPU
		{21E85C54-7FBE-4645-82AA-D4DBF720F525}.Debug|iPhoneSimulator.ActiveCfg = Debug|Any CPU
		{21E85C54-7FBE-4645-82AA-D4DBF720F525}.Debug|iPhoneSimulator.Build.0 = Debug|Any CPU
		{21E85C54-7FBE-4645-82AA-D4DBF720F525}.Debug|x64.ActiveCfg = Debug|Any CPU
		{21E85C54-7FBE-4645-82AA-D4DBF720F525}.Debug|x64.Build.0 = Debug|Any CPU
		{21E85C54-7FBE-4645-82AA-D4DBF720F525}.Debug|x86.ActiveCfg = Debug|Any CPU
		{21E85C54-7FBE-4645-82AA-D4DBF720F525}.Debug|x86.Build.0 = Debug|Any CPU
		{21E85C54-7FBE-4645-82AA-D4DBF720F525}.Release|Any CPU.ActiveCfg = Release|Any CPU
		{21E85C54-7FBE-4645-82AA-D4DBF720F525}.Release|Any CPU.Build.0 = Release|Any CPU
		{21E85C54-7FBE-4645-82AA-D4DBF720F525}.Release|ARM.ActiveCfg = Release|Any CPU
		{21E85C54-7FBE-4645-82AA-D4DBF720F525}.Release|ARM.Build.0 = Release|Any CPU
		{21E85C54-7FBE-4645-82AA-D4DBF720F525}.Release|iPhone.ActiveCfg = Release|Any CPU
		{21E85C54-7FBE-4645-82AA-D4DBF720F525}.Release|iPhone.Build.0 = Release|Any CPU
		{21E85C54-7FBE-4645-82AA-D4DBF720F525}.Release|iPhoneSimulator.ActiveCfg = Release|Any CPU
		{21E85C54-7FBE-4645-82AA-D4DBF720F525}.Release|iPhoneSimulator.Build.0 = Release|Any CPU
		{21E85C54-7FBE-4645-82AA-D4DBF720F525}.Release|x64.ActiveCfg = Release|Any CPU
		{21E85C54-7FBE-4645-82AA-D4DBF720F525}.Release|x64.Build.0 = Release|Any CPU
		{21E85C54-7FBE-4645-82AA-D4DBF720F525}.Release|x86.ActiveCfg = Release|Any CPU
		{21E85C54-7FBE-4645-82AA-D4DBF720F525}.Release|x86.Build.0 = Release|Any CPU
		{87E1454B-0AB8-4876-A17D-515E6C688C98}.Debug|Any CPU.ActiveCfg = Debug|Any CPU
		{87E1454B-0AB8-4876-A17D-515E6C688C98}.Debug|Any CPU.Build.0 = Debug|Any CPU
		{87E1454B-0AB8-4876-A17D-515E6C688C98}.Debug|ARM.ActiveCfg = Debug|Any CPU
		{87E1454B-0AB8-4876-A17D-515E6C688C98}.Debug|ARM.Build.0 = Debug|Any CPU
		{87E1454B-0AB8-4876-A17D-515E6C688C98}.Debug|iPhone.ActiveCfg = Debug|Any CPU
		{87E1454B-0AB8-4876-A17D-515E6C688C98}.Debug|iPhone.Build.0 = Debug|Any CPU
		{87E1454B-0AB8-4876-A17D-515E6C688C98}.Debug|iPhoneSimulator.ActiveCfg = Debug|Any CPU
		{87E1454B-0AB8-4876-A17D-515E6C688C98}.Debug|iPhoneSimulator.Build.0 = Debug|Any CPU
		{87E1454B-0AB8-4876-A17D-515E6C688C98}.Debug|x64.ActiveCfg = Debug|Any CPU
		{87E1454B-0AB8-4876-A17D-515E6C688C98}.Debug|x64.Build.0 = Debug|Any CPU
		{87E1454B-0AB8-4876-A17D-515E6C688C98}.Debug|x86.ActiveCfg = Debug|Any CPU
		{87E1454B-0AB8-4876-A17D-515E6C688C98}.Debug|x86.Build.0 = Debug|Any CPU
		{87E1454B-0AB8-4876-A17D-515E6C688C98}.Release|Any CPU.ActiveCfg = Release|Any CPU
		{87E1454B-0AB8-4876-A17D-515E6C688C98}.Release|Any CPU.Build.0 = Release|Any CPU
		{87E1454B-0AB8-4876-A17D-515E6C688C98}.Release|ARM.ActiveCfg = Release|Any CPU
		{87E1454B-0AB8-4876-A17D-515E6C688C98}.Release|ARM.Build.0 = Release|Any CPU
		{87E1454B-0AB8-4876-A17D-515E6C688C98}.Release|iPhone.ActiveCfg = Release|Any CPU
		{87E1454B-0AB8-4876-A17D-515E6C688C98}.Release|iPhone.Build.0 = Release|Any CPU
		{87E1454B-0AB8-4876-A17D-515E6C688C98}.Release|iPhoneSimulator.ActiveCfg = Release|Any CPU
		{87E1454B-0AB8-4876-A17D-515E6C688C98}.Release|iPhoneSimulator.Build.0 = Release|Any CPU
		{87E1454B-0AB8-4876-A17D-515E6C688C98}.Release|x64.ActiveCfg = Release|Any CPU
		{87E1454B-0AB8-4876-A17D-515E6C688C98}.Release|x64.Build.0 = Release|Any CPU
		{87E1454B-0AB8-4876-A17D-515E6C688C98}.Release|x86.ActiveCfg = Release|Any CPU
		{87E1454B-0AB8-4876-A17D-515E6C688C98}.Release|x86.Build.0 = Release|Any CPU
	EndGlobalSection
	GlobalSection(SolutionProperties) = preSolution
		HideSolutionNode = FALSE
	EndGlobalSection
	GlobalSection(ExtensibilityGlobals) = postSolution
		SolutionGuid = {F3735422-FE8B-42AF-9841-EBA8A08DA81C}
	EndGlobalSection
EndGlobal
